
Microsoft Visual Studio Solution File, Format Version 12.00
# Visual Studio Version 17
VisualStudioVersion = 17.4.33205.214
MinimumVisualStudioVersion = 10.0.40219.1
Project("{FAE04EC0-301F-11D3-BF4B-00C04F79EFBC}") = "ClassLibrary1", "ClassLibrary1\ClassLibrary1.csproj", "{A53F997C-DE20-4A81-95B0-D8B3C74BF3C6}"
EndProject
Global
	GlobalSection(SolutionConfigurationPlatforms) = preSolution
		Debug|Any CPU = Debug|Any CPU
		Release|Any CPU = Release|Any CPU
	EndGlobalSection
	GlobalSection(ProjectConfigurationPlatforms) = postSolution
		{A53F997C-DE20-4A81-95B0-D8B3C74BF3C6}.Debug|Any CPU.ActiveCfg = Debug|Any CPU
		{A53F997C-DE20-4A81-95B0-D8B3C74BF3C6}.Debug|Any CPU.Build.0 = Debug|Any CPU
		{A53F997C-DE20-4A81-95B0-D8B3C74BF3C6}.Release|Any CPU.ActiveCfg = Release|Any CPU
		{A53F997C-DE20-4A81-95B0-D8B3C74BF3C6}.Release|Any CPU.Build.0 = Release|Any CPU
	EndGlobalSection
	GlobalSection(SolutionProperties) = preSolution
		HideSolutionNode = FALSE
	EndGlobalSection
	GlobalSection(ExtensibilityGlobals) = postSolution
		SolutionGuid = {D2F19C67-E8F6-4B12-9C1A-D70DAFF36479}
	EndGlobalSection
EndGlobal
